// !$*UTF8*$!
{
	archiveVersion = 1;
	classes = {
	};
	objectVersion = 46;
	objects = {

/* Begin PBXBuildFile section */
		0B29B4769631B94A71D5B88E /* Pods_devslopes_social.framework in Frameworks */ = {isa = PBXBuildFile; fileRef = 78A08101E521FAE1928044B3 /* Pods_devslopes_social.framework */; };
		8C614E051DC824A700C315A5 /* GoogleService-Info.plist in Resources */ = {isa = PBXBuildFile; fileRef = 8C614E041DC824A700C315A5 /* GoogleService-Info.plist */; };
		8C6D68121DC8A48900CA0BB2 /* FancyView.swift in Sources */ = {isa = PBXBuildFile; fileRef = 8C6D68111DC8A48900CA0BB2 /* FancyView.swift */; };
		8C6D68151DC8A51E00CA0BB2 /* Constants.swift in Sources */ = {isa = PBXBuildFile; fileRef = 8C6D68141DC8A51E00CA0BB2 /* Constants.swift */; };
		8C6D68171DC8D33E00CA0BB2 /* RoundBtn.swift in Sources */ = {isa = PBXBuildFile; fileRef = 8C6D68161DC8D33E00CA0BB2 /* RoundBtn.swift */; };
		8C6D68191DC8DC2B00CA0BB2 /* FancyField.swift in Sources */ = {isa = PBXBuildFile; fileRef = 8C6D68181DC8DC2B00CA0BB2 /* FancyField.swift */; };
		8C6D681B1DC8DDB800CA0BB2 /* FancyButton.swift in Sources */ = {isa = PBXBuildFile; fileRef = 8C6D681A1DC8DDB800CA0BB2 /* FancyButton.swift */; };
		8C828E281DC6302F006D365B /* AppDelegate.swift in Sources */ = {isa = PBXBuildFile; fileRef = 8C828E271DC6302F006D365B /* AppDelegate.swift */; };
		8C828E2A1DC6302F006D365B /* SignInVC.swift in Sources */ = {isa = PBXBuildFile; fileRef = 8C828E291DC6302F006D365B /* SignInVC.swift */; };
		8C828E2D1DC6302F006D365B /* Main.storyboard in Resources */ = {isa = PBXBuildFile; fileRef = 8C828E2B1DC6302F006D365B /* Main.storyboard */; };
		8C828E2F1DC6302F006D365B /* Assets.xcassets in Resources */ = {isa = PBXBuildFile; fileRef = 8C828E2E1DC6302F006D365B /* Assets.xcassets */; };
		8C828E321DC6302F006D365B /* LaunchScreen.storyboard in Resources */ = {isa = PBXBuildFile; fileRef = 8C828E301DC6302F006D365B /* LaunchScreen.storyboard */; };
		8CFF48041DD0385C0009AFC8 /* Bolts.framework in Frameworks */ = {isa = PBXBuildFile; fileRef = 8CFF48001DD0385C0009AFC8 /* Bolts.framework */; };
		8CFF48051DD0385C0009AFC8 /* FBSDKCoreKit.framework in Frameworks */ = {isa = PBXBuildFile; fileRef = 8CFF48011DD0385C0009AFC8 /* FBSDKCoreKit.framework */; };
		8CFF48061DD0385C0009AFC8 /* FBSDKLoginKit.framework in Frameworks */ = {isa = PBXBuildFile; fileRef = 8CFF48021DD0385C0009AFC8 /* FBSDKLoginKit.framework */; };
		8CFF48071DD0385C0009AFC8 /* FBSDKShareKit.framework in Frameworks */ = {isa = PBXBuildFile; fileRef = 8CFF48031DD0385C0009AFC8 /* FBSDKShareKit.framework */; };
/* End PBXBuildFile section */

/* Begin PBXFileReference section */
		4D902DAE6A9B615B07D7BA8F /* Pods-devslopes-social.release.xcconfig */ = {isa = PBXFileReference; includeInIndex = 1; lastKnownFileType = text.xcconfig; name = "Pods-devslopes-social.release.xcconfig"; path = "Pods/Target Support Files/Pods-devslopes-social/Pods-devslopes-social.release.xcconfig"; sourceTree = "<group>"; };
		50CED92D45D93C600FCB5EFF /* Pods-devslopes-social.debug.xcconfig */ = {isa = PBXFileReference; includeInIndex = 1; lastKnownFileType = text.xcconfig; name = "Pods-devslopes-social.debug.xcconfig"; path = "Pods/Target Support Files/Pods-devslopes-social/Pods-devslopes-social.debug.xcconfig"; sourceTree = "<group>"; };
		78A08101E521FAE1928044B3 /* Pods_devslopes_social.framework */ = {isa = PBXFileReference; explicitFileType = wrapper.framework; includeInIndex = 0; path = Pods_devslopes_social.framework; sourceTree = BUILT_PRODUCTS_DIR; };
		8C288C5E1DD167580056F9DB /* devslopes-social.entitlements */ = {isa = PBXFileReference; lastKnownFileType = text.plist.entitlements; path = "devslopes-social.entitlements"; sourceTree = "<group>"; };
		8C614E041DC824A700C315A5 /* GoogleService-Info.plist */ = {isa = PBXFileReference; fileEncoding = 4; lastKnownFileType = text.plist.xml; path = "GoogleService-Info.plist"; sourceTree = "<group>"; };
		8C6D68111DC8A48900CA0BB2 /* FancyView.swift */ = {isa = PBXFileReference; fileEncoding = 4; lastKnownFileType = sourcecode.swift; path = FancyView.swift; sourceTree = "<group>"; };
		8C6D68141DC8A51E00CA0BB2 /* Constants.swift */ = {isa = PBXFileReference; fileEncoding = 4; lastKnownFileType = sourcecode.swift; path = Constants.swift; sourceTree = "<group>"; };
		8C6D68161DC8D33E00CA0BB2 /* RoundBtn.swift */ = {isa = PBXFileReference; fileEncoding = 4; lastKnownFileType = sourcecode.swift; path = RoundBtn.swift; sourceTree = "<group>"; };
		8C6D68181DC8DC2B00CA0BB2 /* FancyField.swift */ = {isa = PBXFileReference; fileEncoding = 4; lastKnownFileType = sourcecode.swift; path = FancyField.swift; sourceTree = "<group>"; };
		8C6D681A1DC8DDB800CA0BB2 /* FancyButton.swift */ = {isa = PBXFileReference; fileEncoding = 4; lastKnownFileType = sourcecode.swift; path = FancyButton.swift; sourceTree = "<group>"; };
		8C828E241DC6302F006D365B /* devslopes-social.app */ = {isa = PBXFileReference; explicitFileType = wrapper.application; includeInIndex = 0; path = "devslopes-social.app"; sourceTree = BUILT_PRODUCTS_DIR; };
		8C828E271DC6302F006D365B /* AppDelegate.swift */ = {isa = PBXFileReference; lastKnownFileType = sourcecode.swift; path = AppDelegate.swift; sourceTree = "<group>"; };
		8C828E291DC6302F006D365B /* SignInVC.swift */ = {isa = PBXFileReference; lastKnownFileType = sourcecode.swift; path = SignInVC.swift; sourceTree = "<group>"; };
		8C828E2C1DC6302F006D365B /* Base */ = {isa = PBXFileReference; lastKnownFileType = file.storyboard; name = Base; path = Base.lproj/Main.storyboard; sourceTree = "<group>"; };
		8C828E2E1DC6302F006D365B /* Assets.xcassets */ = {isa = PBXFileReference; lastKnownFileType = folder.assetcatalog; path = Assets.xcassets; sourceTree = "<group>"; };
		8C828E311DC6302F006D365B /* Base */ = {isa = PBXFileReference; lastKnownFileType = file.storyboard; name = Base; path = Base.lproj/LaunchScreen.storyboard; sourceTree = "<group>"; };
		8C828E331DC6302F006D365B /* Info.plist */ = {isa = PBXFileReference; lastKnownFileType = text.plist.xml; path = Info.plist; sourceTree = "<group>"; };
		8CFF47FF1DD032B80009AFC8 /* BridgingHeader.h */ = {isa = PBXFileReference; lastKnownFileType = sourcecode.c.h; path = BridgingHeader.h; sourceTree = "<group>"; };
		8CFF48001DD0385C0009AFC8 /* Bolts.framework */ = {isa = PBXFileReference; lastKnownFileType = wrapper.framework; path = Bolts.framework; sourceTree = "<group>"; };
		8CFF48011DD0385C0009AFC8 /* FBSDKCoreKit.framework */ = {isa = PBXFileReference; lastKnownFileType = wrapper.framework; path = FBSDKCoreKit.framework; sourceTree = "<group>"; };
		8CFF48021DD0385C0009AFC8 /* FBSDKLoginKit.framework */ = {isa = PBXFileReference; lastKnownFileType = wrapper.framework; path = FBSDKLoginKit.framework; sourceTree = "<group>"; };
		8CFF48031DD0385C0009AFC8 /* FBSDKShareKit.framework */ = {isa = PBXFileReference; lastKnownFileType = wrapper.framework; path = FBSDKShareKit.framework; sourceTree = "<group>"; };
/* End PBXFileReference section */

/* Begin PBXFrameworksBuildPhase section */
		8C828E211DC6302F006D365B /* Frameworks */ = {
			isa = PBXFrameworksBuildPhase;
			buildActionMask = 2147483647;
			files = (
				0B29B4769631B94A71D5B88E /* Pods_devslopes_social.framework in Frameworks */,
				8CFF48051DD0385C0009AFC8 /* FBSDKCoreKit.framework in Frameworks */,
				8CFF48071DD0385C0009AFC8 /* FBSDKShareKit.framework in Frameworks */,
				8CFF48061DD0385C0009AFC8 /* FBSDKLoginKit.framework in Frameworks */,
				8CFF48041DD0385C0009AFC8 /* Bolts.framework in Frameworks */,
			);
			runOnlyForDeploymentPostprocessing = 0;
		};
/* End PBXFrameworksBuildPhase section */

/* Begin PBXGroup section */
		3BE32255F70750E6AC6F9678 /* Frameworks */ = {
			isa = PBXGroup;
			children = (
				8CFF48001DD0385C0009AFC8 /* Bolts.framework */,
				8CFF48011DD0385C0009AFC8 /* FBSDKCoreKit.framework */,
				8CFF48021DD0385C0009AFC8 /* FBSDKLoginKit.framework */,
				8CFF48031DD0385C0009AFC8 /* FBSDKShareKit.framework */,
				78A08101E521FAE1928044B3 /* Pods_devslopes_social.framework */,
			);
			name = Frameworks;
			sourceTree = "<group>";
		};
		41A4582D48991BF9F03CC971 /* Pods */ = {
			isa = PBXGroup;
			children = (
				50CED92D45D93C600FCB5EFF /* Pods-devslopes-social.debug.xcconfig */,
				4D902DAE6A9B615B07D7BA8F /* Pods-devslopes-social.release.xcconfig */,
			);
			name = Pods;
			sourceTree = "<group>";
		};
		8C6D680E1DC8285900CA0BB2 /* Controller */ = {
			isa = PBXGroup;
			children = (
				8C828E291DC6302F006D365B /* SignInVC.swift */,
			);
			name = Controller;
			sourceTree = "<group>";
		};
		8C6D680F1DC8286000CA0BB2 /* Model */ = {
			isa = PBXGroup;
			children = (
			);
			name = Model;
			sourceTree = "<group>";
		};
		8C6D68101DC8286500CA0BB2 /* View */ = {
			isa = PBXGroup;
			children = (
				8C6D68111DC8A48900CA0BB2 /* FancyView.swift */,
				8C6D68161DC8D33E00CA0BB2 /* RoundBtn.swift */,
				8C6D68181DC8DC2B00CA0BB2 /* FancyField.swift */,
				8C6D681A1DC8DDB800CA0BB2 /* FancyButton.swift */,
			);
			name = View;
			sourceTree = "<group>";
		};
		8C6D68131DC8A50600CA0BB2 /* Uti */ = {
			isa = PBXGroup;
			children = (
				8C6D68141DC8A51E00CA0BB2 /* Constants.swift */,
			);
			name = Uti;
			sourceTree = "<group>";
		};
		8C828E1B1DC6302E006D365B = {
			isa = PBXGroup;
			children = (
				8C828E261DC6302F006D365B /* devslopes-social */,
				8C828E251DC6302F006D365B /* Products */,
				41A4582D48991BF9F03CC971 /* Pods */,
				3BE32255F70750E6AC6F9678 /* Frameworks */,
			);
			sourceTree = "<group>";
		};
		8C828E251DC6302F006D365B /* Products */ = {
			isa = PBXGroup;
			children = (
				8C828E241DC6302F006D365B /* devslopes-social.app */,
			);
			name = Products;
			sourceTree = "<group>";
		};
		8C828E261DC6302F006D365B /* devslopes-social */ = {
			isa = PBXGroup;
			children = (
				8C288C5E1DD167580056F9DB /* devslopes-social.entitlements */,
				8C6D68131DC8A50600CA0BB2 /* Uti */,
				8C6D68101DC8286500CA0BB2 /* View */,
				8C6D680F1DC8286000CA0BB2 /* Model */,
				8C6D680E1DC8285900CA0BB2 /* Controller */,
				8C828E271DC6302F006D365B /* AppDelegate.swift */,
				8C828E2B1DC6302F006D365B /* Main.storyboard */,
				8C828E2E1DC6302F006D365B /* Assets.xcassets */,
				8C828E301DC6302F006D365B /* LaunchScreen.storyboard */,
				8C828E331DC6302F006D365B /* Info.plist */,
				8C614E041DC824A700C315A5 /* GoogleService-Info.plist */,
				8CFF47FF1DD032B80009AFC8 /* BridgingHeader.h */,
			);
			path = "devslopes-social";
			sourceTree = "<group>";
		};
/* End PBXGroup section */

/* Begin PBXNativeTarget section */
		8C828E231DC6302F006D365B /* devslopes-social */ = {
			isa = PBXNativeTarget;
			buildConfigurationList = 8C828E361DC63030006D365B /* Build configuration list for PBXNativeTarget "devslopes-social" */;
			buildPhases = (
				A002B94528E61CA73A586DC9 /* [CP] Check Pods Manifest.lock */,
				8C828E201DC6302F006D365B /* Sources */,
				8C828E211DC6302F006D365B /* Frameworks */,
				8C828E221DC6302F006D365B /* Resources */,
				6DAA204E42546E9297039A50 /* [CP] Embed Pods Frameworks */,
				CACB8BE6E5A125A2E213156D /* [CP] Copy Pods Resources */,
			);
			buildRules = (
			);
			dependencies = (
			);
			name = "devslopes-social";
			productName = "devslopes-social";
			productReference = 8C828E241DC6302F006D365B /* devslopes-social.app */;
			productType = "com.apple.product-type.application";
		};
/* End PBXNativeTarget section */

/* Begin PBXProject section */
		8C828E1C1DC6302E006D365B /* Project object */ = {
			isa = PBXProject;
			attributes = {
				LastSwiftUpdateCheck = 0800;
				LastUpgradeCheck = 0800;
				ORGANIZATIONNAME = lemonade;
				TargetAttributes = {
					8C828E231DC6302F006D365B = {
						CreatedOnToolsVersion = 8.0;
						DevelopmentTeam = EJR99E6ZWY;
						ProvisioningStyle = Automatic;
						SystemCapabilities = {
							com.apple.Keychain = {
								enabled = 1;
							};
						};
					};
				};
			};
			buildConfigurationList = 8C828E1F1DC6302F006D365B /* Build configuration list for PBXProject "devslopes-social" */;
			compatibilityVersion = "Xcode 3.2";
			developmentRegion = English;
			hasScannedForEncodings = 0;
			knownRegions = (
				en,
				Base,
			);
			mainGroup = 8C828E1B1DC6302E006D365B;
			productRefGroup = 8C828E251DC6302F006D365B /* Products */;
			projectDirPath = "";
			projectRoot = "";
			targets = (
				8C828E231DC6302F006D365B /* devslopes-social */,
			);
		};
/* End PBXProject section */

/* Begin PBXResourcesBuildPhase section */
		8C828E221DC6302F006D365B /* Resources */ = {
			isa = PBXResourcesBuildPhase;
			buildActionMask = 2147483647;
			files = (
				8C828E321DC6302F006D365B /* LaunchScreen.storyboard in Resources */,
				8C614E051DC824A700C315A5 /* GoogleService-Info.plist in Resources */,
				8C828E2F1DC6302F006D365B /* Assets.xcassets in Resources */,
				8C828E2D1DC6302F006D365B /* Main.storyboard in Resources */,
			);
			runOnlyForDeploymentPostprocessing = 0;
		};
/* End PBXResourcesBuildPhase section */

/* Begin PBXShellScriptBuildPhase section */
		6DAA204E42546E9297039A50 /* [CP] Embed Pods Frameworks */ = {
			isa = PBXShellScriptBuildPhase;
			buildActionMask = 2147483647;
			files = (
			);
			inputPaths = (
			);
			name = "[CP] Embed Pods Frameworks";
			outputPaths = (
			);
			runOnlyForDeploymentPostprocessing = 0;
			shellPath = /bin/sh;
			shellScript = "\"${SRCROOT}/Pods/Target Support Files/Pods-devslopes-social/Pods-devslopes-social-frameworks.sh\"\n";
			showEnvVarsInLog = 0;
		};
		A002B94528E61CA73A586DC9 /* [CP] Check Pods Manifest.lock */ = {
			isa = PBXShellScriptBuildPhase;
			buildActionMask = 2147483647;
			files = (
			);
			inputPaths = (
			);
			name = "[CP] Check Pods Manifest.lock";
			outputPaths = (
			);
			runOnlyForDeploymentPostprocessing = 0;
			shellPath = /bin/sh;
			shellScript = "diff \"${PODS_ROOT}/../Podfile.lock\" \"${PODS_ROOT}/Manifest.lock\" > /dev/null\nif [[ $? != 0 ]] ; then\n    cat << EOM\nerror: The sandbox is not in sync with the Podfile.lock. Run 'pod install' or update your CocoaPods installation.\nEOM\n    exit 1\nfi\n";
			showEnvVarsInLog = 0;
		};
		CACB8BE6E5A125A2E213156D /* [CP] Copy Pods Resources */ = {
			isa = PBXShellScriptBuildPhase;
			buildActionMask = 2147483647;
			files = (
			);
			inputPaths = (
			);
			name = "[CP] Copy Pods Resources";
			outputPaths = (
			);
			runOnlyForDeploymentPostprocessing = 0;
			shellPath = /bin/sh;
			shellScript = "\"${SRCROOT}/Pods/Target Support Files/Pods-devslopes-social/Pods-devslopes-social-resources.sh\"\n";
			showEnvVarsInLog = 0;
		};
/* End PBXShellScriptBuildPhase section */

/* Begin PBXSourcesBuildPhase section */
		8C828E201DC6302F006D365B /* Sources */ = {
			isa = PBXSourcesBuildPhase;
			buildActionMask = 2147483647;
			files = (
				8C6D68191DC8DC2B00CA0BB2 /* FancyField.swift in Sources */,
				8C828E2A1DC6302F006D365B /* SignInVC.swift in Sources */,
				8C6D68171DC8D33E00CA0BB2 /* RoundBtn.swift in Sources */,
				8C6D681B1DC8DDB800CA0BB2 /* FancyButton.swift in Sources */,
				8C828E281DC6302F006D365B /* AppDelegate.swift in Sources */,
				8C6D68121DC8A48900CA0BB2 /* FancyView.swift in Sources */,
				8C6D68151DC8A51E00CA0BB2 /* Constants.swift in Sources */,
			);
			runOnlyForDeploymentPostprocessing = 0;
		};
/* End PBXSourcesBuildPhase section */

/* Begin PBXVariantGroup section */
		8C828E2B1DC6302F006D365B /* Main.storyboard */ = {
			isa = PBXVariantGroup;
			children = (
				8C828E2C1DC6302F006D365B /* Base */,
			);
			name = Main.storyboard;
			sourceTree = "<group>";
		};
		8C828E301DC6302F006D365B /* LaunchScreen.storyboard */ = {
			isa = PBXVariantGroup;
			children = (
				8C828E311DC6302F006D365B /* Base */,
			);
			name = LaunchScreen.storyboard;
			sourceTree = "<group>";
		};
/* End PBXVariantGroup section */

/* Begin XCBuildConfiguration section */
		8C828E341DC6302F006D365B /* Debug */ = {
			isa = XCBuildConfiguration;
			buildSettings = {
				ALWAYS_SEARCH_USER_PATHS = NO;
				CLANG_ANALYZER_NONNULL = YES;
				CLANG_CXX_LANGUAGE_STANDARD = "gnu++0x";
				CLANG_CXX_LIBRARY = "libc++";
				CLANG_ENABLE_MODULES = YES;
				CLANG_ENABLE_OBJC_ARC = YES;
				CLANG_WARN_BOOL_CONVERSION = YES;
				CLANG_WARN_CONSTANT_CONVERSION = YES;
				CLANG_WARN_DIRECT_OBJC_ISA_USAGE = YES_ERROR;
				CLANG_WARN_DOCUMENTATION_COMMENTS = YES;
				CLANG_WARN_EMPTY_BODY = YES;
				CLANG_WARN_ENUM_CONVERSION = YES;
				CLANG_WARN_INFINITE_RECURSION = YES;
				CLANG_WARN_INT_CONVERSION = YES;
				CLANG_WARN_OBJC_ROOT_CLASS = YES_ERROR;
				CLANG_WARN_SUSPICIOUS_MOVES = YES;
				CLANG_WARN_UNREACHABLE_CODE = YES;
				CLANG_WARN__DUPLICATE_METHOD_MATCH = YES;
				"CODE_SIGN_IDENTITY[sdk=iphoneos*]" = "iPhone Developer";
				COPY_PHASE_STRIP = NO;
				DEBUG_INFORMATION_FORMAT = dwarf;
				ENABLE_STRICT_OBJC_MSGSEND = YES;
				ENABLE_TESTABILITY = YES;
				GCC_C_LANGUAGE_STANDARD = gnu99;
				GCC_DYNAMIC_NO_PIC = NO;
				GCC_NO_COMMON_BLOCKS = YES;
				GCC_OPTIMIZATION_LEVEL = 0;
				GCC_PREPROCESSOR_DEFINITIONS = (
					"DEBUG=1",
					"$(inherited)",
				);
				GCC_WARN_64_TO_32_BIT_CONVERSION = YES;
				GCC_WARN_ABOUT_RETURN_TYPE = YES_ERROR;
				GCC_WARN_UNDECLARED_SELECTOR = YES;
				GCC_WARN_UNINITIALIZED_AUTOS = YES_AGGRESSIVE;
				GCC_WARN_UNUSED_FUNCTION = YES;
				GCC_WARN_UNUSED_VARIABLE = YES;
				IPHONEOS_DEPLOYMENT_TARGET = 10.0;
				MTL_ENABLE_DEBUG_INFO = YES;
				ONLY_ACTIVE_ARCH = YES;
				SDKROOT = iphoneos;
				SWIFT_ACTIVE_COMPILATION_CONDITIONS = DEBUG;
				SWIFT_OPTIMIZATION_LEVEL = "-Onone";
				TARGETED_DEVICE_FAMILY = "1,2";
			};
			name = Debug;
		};
		8C828E351DC6302F006D365B /* Release */ = {
			isa = XCBuildConfiguration;
			buildSettings = {
				ALWAYS_SEARCH_USER_PATHS = NO;
				CLANG_ANALYZER_NONNULL = YES;
				CLANG_CXX_LANGUAGE_STANDARD = "gnu++0x";
				CLANG_CXX_LIBRARY = "libc++";
				CLANG_ENABLE_MODULES = YES;
				CLANG_ENABLE_OBJC_ARC = YES;
				CLANG_WARN_BOOL_CONVERSION = YES;
				CLANG_WARN_CONSTANT_CONVERSION = YES;
				CLANG_WARN_DIRECT_OBJC_ISA_USAGE = YES_ERROR;
				CLANG_WARN_DOCUMENTATION_COMMENTS = YES;
				CLANG_WARN_EMPTY_BODY = YES;
				CLANG_WARN_ENUM_CONVERSION = YES;
				CLANG_WARN_INFINITE_RECURSION = YES;
				CLANG_WARN_INT_CONVERSION = YES;
				CLANG_WARN_OBJC_ROOT_CLASS = YES_ERROR;
				CLANG_WARN_SUSPICIOUS_MOVES = YES;
				CLANG_WARN_UNREACHABLE_CODE = YES;
				CLANG_WARN__DUPLICATE_METHOD_MATCH = YES;
				"CODE_SIGN_IDENTITY[sdk=iphoneos*]" = "iPhone Developer";
				COPY_PHASE_STRIP = NO;
				DEBUG_INFORMATION_FORMAT = "dwarf-with-dsym";
				ENABLE_NS_ASSERTIONS = NO;
				ENABLE_STRICT_OBJC_MSGSEND = YES;
				GCC_C_LANGUAGE_STANDARD = gnu99;
				GCC_NO_COMMON_BLOCKS = YES;
				GCC_WARN_64_TO_32_BIT_CONVERSION = YES;
				GCC_WARN_ABOUT_RETURN_TYPE = YES_ERROR;
				GCC_WARN_UNDECLARED_SELECTOR = YES;
				GCC_WARN_UNINITIALIZED_AUTOS = YES_AGGRESSIVE;
				GCC_WARN_UNUSED_FUNCTION = YES;
				GCC_WARN_UNUSED_VARIABLE = YES;
				IPHONEOS_DEPLOYMENT_TARGET = 10.0;
				MTL_ENABLE_DEBUG_INFO = NO;
				SDKROOT = iphoneos;
				SWIFT_OPTIMIZATION_LEVEL = "-Owholemodule";
				TARGETED_DEVICE_FAMILY = "1,2";
				VALIDATE_PRODUCT = YES;
			};
			name = Release;
		};
		8C828E371DC63030006D365B /* Debug */ = {
			isa = XCBuildConfiguration;
			baseConfigurationReference = 50CED92D45D93C600FCB5EFF /* Pods-devslopes-social.debug.xcconfig */;
			buildSettings = {
				ASSETCATALOG_COMPILER_APPICON_NAME = AppIcon;
				CLANG_ALLOW_NON_MODULAR_INCLUDES_IN_FRAMEWORK_MODULES = YES;
				CODE_SIGN_ENTITLEMENTS = "devslopes-social/devslopes-social.entitlements";
				DEVELOPMENT_TEAM = EJR99E6ZWY;
				FRAMEWORK_SEARCH_PATHS = (
					"$(inherited)",
					"$(PROJECT_DIR)",
				);
				INFOPLIST_FILE = "devslopes-social/Info.plist";
				LD_RUNPATH_SEARCH_PATHS = "$(inherited) @executable_path/Frameworks";
				LIBRARY_SEARCH_PATHS = "$(inherited)";
				"LIBRARY_SEARCH_PATHS[arch=*]" = "$(inherited)";
				PRODUCT_BUNDLE_IDENTIFIER = "Lynx.devslopes-social";
				PRODUCT_NAME = "$(TARGET_NAME)";
				SWIFT_VERSION = 3.0;
			};
			name = Debug;
		};
		8C828E381DC63030006D365B /* Release */ = {
			isa = XCBuildConfiguration;
			baseConfigurationReference = 4D902DAE6A9B615B07D7BA8F /* Pods-devslopes-social.release.xcconfig */;
			buildSettings = {
				ASSETCATALOG_COMPILER_APPICON_NAME = AppIcon;
				CLANG_ALLOW_NON_MODULAR_INCLUDES_IN_FRAMEWORK_MODULES = YES;
				CODE_SIGN_ENTITLEMENTS = "devslopes-social/devslopes-social.entitlements";
				DEVELOPMENT_TEAM = EJR99E6ZWY;
				FRAMEWORK_SEARCH_PATHS = (
					"$(inherited)",
					"$(PROJECT_DIR)",
				);
				INFOPLIST_FILE = "devslopes-social/Info.plist";
				LD_RUNPATH_SEARCH_PATHS = "$(inherited) @executable_path/Frameworks";
				LIBRARY_SEARCH_PATHS = "$(inherited)";
				"LIBRARY_SEARCH_PATHS[arch=*]" = "$(inherited)";
				PRODUCT_BUNDLE_IDENTIFIER = "Lynx.devslopes-social";
				PRODUCT_NAME = "$(TARGET_NAME)";
				SWIFT_VERSION = 3.0;
			};
			name = Release;
		};
/* End XCBuildConfiguration section */

/* Begin XCConfigurationList section */
		8C828E1F1DC6302F006D365B /* Build configuration list for PBXProject "devslopes-social" */ = {
			isa = XCConfigurationList;
			buildConfigurations = (
				8C828E341DC6302F006D365B /* Debug */,
				8C828E351DC6302F006D365B /* Release */,
			);
			defaultConfigurationIsVisible = 0;
			defaultConfigurationName = Release;
		};
		8C828E361DC63030006D365B /* Build configuration list for PBXNativeTarget "devslopes-social" */ = {
			isa = XCConfigurationList;
			buildConfigurations = (
				8C828E371DC63030006D365B /* Debug */,
				8C828E381DC63030006D365B /* Release */,
			);
			defaultConfigurationIsVisible = 0;
			defaultConfigurationName = Release;
		};
/* End XCConfigurationList section */
	};
	rootObject = 8C828E1C1DC6302E006D365B /* Project object */;
}
